
Microsoft Visual Studio Solution File, Format Version 12.00
# Visual Studio Version 17
VisualStudioVersion = 17.4.33122.133
MinimumVisualStudioVersion = 10.0.40219.1
Project("{FAE04EC0-301F-11D3-BF4B-00C04F79EFBC}") = "CapenexisLearners22", "CapenexisLearners22.csproj", "{70821751-E216-4B02-847C-36D2584D42A5}"
EndProject
Global
	GlobalSection(SolutionConfigurationPlatforms) = preSolution
		Debug|Any CPU = Debug|Any CPU
		Release|Any CPU = Release|Any CPU
	EndGlobalSection
	GlobalSection(ProjectConfigurationPlatforms) = postSolution
		{70821751-E216-4B02-847C-36D2584D42A5}.Debug|Any CPU.ActiveCfg = Debug|Any CPU
		{70821751-E216-4B02-847C-36D2584D42A5}.Debug|Any CPU.Build.0 = Debug|Any CPU
		{70821751-E216-4B02-847C-36D2584D42A5}.Release|Any CPU.ActiveCfg = Release|Any CPU
		{70821751-E216-4B02-847C-36D2584D42A5}.Release|Any CPU.Build.0 = Release|Any CPU
	EndGlobalSection
	GlobalSection(SolutionProperties) = preSolution
		HideSolutionNode = FALSE
	EndGlobalSection
	GlobalSection(ExtensibilityGlobals) = postSolution
		SolutionGuid = {48D2A6FB-ABE6-4687-93D4-F26861B1E228}
	EndGlobalSection
EndGlobal
